
Microsoft Visual Studio Solution File, Format Version 12.00
# Visual Studio Version 17
VisualStudioVersion = 17.11.35327.3
MinimumVisualStudioVersion = 10.0.40219.1
Project("{FAE04EC0-301F-11D3-BF4B-00C04F79EFBC}") = "Parking", "Parking\Parking.csproj", "{B2ED3F38-CC66-4312-8D31-DB160D3FDEBF}"
EndProject
Global
	GlobalSection(SolutionConfigurationPlatforms) = preSolution
		Debug|Any CPU = Debug|Any CPU
		Release|Any CPU = Release|Any CPU
	EndGlobalSection
	GlobalSection(ProjectConfigurationPlatforms) = postSolution
		{B2ED3F38-CC66-4312-8D31-DB160D3FDEBF}.Debug|Any CPU.ActiveCfg = Debug|Any CPU
		{B2ED3F38-CC66-4312-8D31-DB160D3FDEBF}.Debug|Any CPU.Build.0 = Debug|Any CPU
		{B2ED3F38-CC66-4312-8D31-DB160D3FDEBF}.Release|Any CPU.ActiveCfg = Release|Any CPU
		{B2ED3F38-CC66-4312-8D31-DB160D3FDEBF}.Release|Any CPU.Build.0 = Release|Any CPU
	EndGlobalSection
	GlobalSection(SolutionProperties) = preSolution
		HideSolutionNode = FALSE
	EndGlobalSection
	GlobalSection(ExtensibilityGlobals) = postSolution
		SolutionGuid = {C8FA8070-36BB-45A9-A32C-CFA510EAFBE1}
	EndGlobalSection
EndGlobal
